
Microsoft Visual Studio Solution File, Format Version 12.00
# Visual Studio Version 16
VisualStudioVersion = 16.0.30907.101
MinimumVisualStudioVersion = 10.0.40219.1
Project("{FAE04EC0-301F-11D3-BF4B-00C04F79EFBC}") = "Scp012", "Scp012\Scp012.csproj", "{D6541351-3772-40EE-ABD2-5FB25218CDEE}"
EndProject
Global
	GlobalSection(SolutionConfigurationPlatforms) = preSolution
		Debug|Any CPU = Debug|Any CPU
		Release|Any CPU = Release|Any CPU
	EndGlobalSection
	GlobalSection(ProjectConfigurationPlatforms) = postSolution
		{D6541351-3772-40EE-ABD2-5FB25218CDEE}.Debug|Any CPU.ActiveCfg = Debug|Any CPU
		{D6541351-3772-40EE-ABD2-5FB25218CDEE}.Debug|Any CPU.Build.0 = Debug|Any CPU
		{D6541351-3772-40EE-ABD2-5FB25218CDEE}.Release|Any CPU.ActiveCfg = Release|Any CPU
		{D6541351-3772-40EE-ABD2-5FB25218CDEE}.Release|Any CPU.Build.0 = Release|Any CPU
	EndGlobalSection
	GlobalSection(SolutionProperties) = preSolution
		HideSolutionNode = FALSE
	EndGlobalSection
	GlobalSection(ExtensibilityGlobals) = postSolution
		SolutionGuid = {62C77A4F-5AFE-4932-B293-9C17E3F3EB6A}
	EndGlobalSection
EndGlobal
